
Microsoft Visual Studio Solution File, Format Version 12.00
# Visual Studio Version 17
VisualStudioVersion = 17.9.34622.214
MinimumVisualStudioVersion = 10.0.40219.1
Project("{9A19103F-16F7-4668-BE54-9A1E7A4F7556}") = "EventPlanning.Data", "EventPlanning.Data\EventPlanning.Data.csproj", "{4535C221-165F-4033-B460-7A565107375A}"
EndProject
Project("{9A19103F-16F7-4668-BE54-9A1E7A4F7556}") = "EventPlanning.Bll", "EventPlanning.Bll\EventPlanning.Bll.csproj", "{44C7093A-402E-4F61-ACDB-99AE209B1642}"
EndProject
Project("{9A19103F-16F7-4668-BE54-9A1E7A4F7556}") = "EventPlanning.Api", "EventPlanning.Api\EventPlanning.Api.csproj", "{70767462-FD3A-4876-9C4D-5253E92B6B12}"
EndProject
Global
	GlobalSection(SolutionConfigurationPlatforms) = preSolution
		Debug|Any CPU = Debug|Any CPU
		Release|Any CPU = Release|Any CPU
	EndGlobalSection
	GlobalSection(ProjectConfigurationPlatforms) = postSolution
		{4535C221-165F-4033-B460-7A565107375A}.Debug|Any CPU.ActiveCfg = Debug|Any CPU
		{4535C221-165F-4033-B460-7A565107375A}.Debug|Any CPU.Build.0 = Debug|Any CPU
		{4535C221-165F-4033-B460-7A565107375A}.Release|Any CPU.ActiveCfg = Release|Any CPU
		{4535C221-165F-4033-B460-7A565107375A}.Release|Any CPU.Build.0 = Release|Any CPU
		{44C7093A-402E-4F61-ACDB-99AE209B1642}.Debug|Any CPU.ActiveCfg = Debug|Any CPU
		{44C7093A-402E-4F61-ACDB-99AE209B1642}.Debug|Any CPU.Build.0 = Debug|Any CPU
		{44C7093A-402E-4F61-ACDB-99AE209B1642}.Release|Any CPU.ActiveCfg = Release|Any CPU
		{44C7093A-402E-4F61-ACDB-99AE209B1642}.Release|Any CPU.Build.0 = Release|Any CPU
		{70767462-FD3A-4876-9C4D-5253E92B6B12}.Debug|Any CPU.ActiveCfg = Debug|Any CPU
		{70767462-FD3A-4876-9C4D-5253E92B6B12}.Debug|Any CPU.Build.0 = Debug|Any CPU
		{70767462-FD3A-4876-9C4D-5253E92B6B12}.Release|Any CPU.ActiveCfg = Release|Any CPU
		{70767462-FD3A-4876-9C4D-5253E92B6B12}.Release|Any CPU.Build.0 = Release|Any CPU
	EndGlobalSection
	GlobalSection(SolutionProperties) = preSolution
		HideSolutionNode = FALSE
	EndGlobalSection
	GlobalSection(ExtensibilityGlobals) = postSolution
		SolutionGuid = {924D95F4-7002-423D-9E16-0B003CBABB3E}
	EndGlobalSection
EndGlobal
